
Microsoft Visual Studio Solution File, Format Version 12.00
# Visual Studio Version 16
VisualStudioVersion = 16.0.29503.13
MinimumVisualStudioVersion = 10.0.40219.1
Project("{FAE04EC0-301F-11D3-BF4B-00C04F79EFBC}") = "DeptEmp", "DeptEmp\DeptEmp.csproj", "{024A00FB-185B-4750-82C6-3D292E1A00B9}"
EndProject
Global
	GlobalSection(SolutionConfigurationPlatforms) = preSolution
		Debug|Any CPU = Debug|Any CPU
		Release|Any CPU = Release|Any CPU
	EndGlobalSection
	GlobalSection(ProjectConfigurationPlatforms) = postSolution
		{024A00FB-185B-4750-82C6-3D292E1A00B9}.Debug|Any CPU.ActiveCfg = Debug|Any CPU
		{024A00FB-185B-4750-82C6-3D292E1A00B9}.Debug|Any CPU.Build.0 = Debug|Any CPU
		{024A00FB-185B-4750-82C6-3D292E1A00B9}.Release|Any CPU.ActiveCfg = Release|Any CPU
		{024A00FB-185B-4750-82C6-3D292E1A00B9}.Release|Any CPU.Build.0 = Release|Any CPU
	EndGlobalSection
	GlobalSection(SolutionProperties) = preSolution
		HideSolutionNode = FALSE
	EndGlobalSection
	GlobalSection(ExtensibilityGlobals) = postSolution
		SolutionGuid = {82F15A1C-0EFA-4CBD-A0BD-5255AF536366}
	EndGlobalSection
EndGlobal
